
Microsoft Visual Studio Solution File, Format Version 12.00
# Visual Studio Version 17
VisualStudioVersion = 17.11.35312.102
MinimumVisualStudioVersion = 10.0.40219.1
Project("{9A19103F-16F7-4668-BE54-9A1E7A4F7556}") = "PolyLoopApi", "PolyLoopApi\PolyLoopApi.csproj", "{20F1F47A-2842-44BE-944C-FCB9286A27FB}"
EndProject
Project("{9A19103F-16F7-4668-BE54-9A1E7A4F7556}") = "Entities", "Entities\Entities.csproj", "{4E8E3227-73B3-4D7D-8BA9-A534A823B129}"
EndProject
Project("{9A19103F-16F7-4668-BE54-9A1E7A4F7556}") = "DataAccess", "DataAccess\DataAccess.csproj", "{B61B028D-1703-401E-8BC9-8FA0AF30F466}"
EndProject
Project("{9A19103F-16F7-4668-BE54-9A1E7A4F7556}") = "Services", "Services\Services.csproj", "{DFA18D3C-DD98-494C-91D9-8D0FF5E53461}"
EndProject
Project("{9A19103F-16F7-4668-BE54-9A1E7A4F7556}") = "Production", "Production\Production.csproj", "{14252F35-AE02-4405-8BA6-9E15DF5F585C}"
EndProject
Project("{9A19103F-16F7-4668-BE54-9A1E7A4F7556}") = "Managment", "Managment\Managment.csproj", "{112AE655-8138-4812-B911-3B820B82A9B4}"
EndProject
Global
	GlobalSection(SolutionConfigurationPlatforms) = preSolution
		Debug|Any CPU = Debug|Any CPU
		Release|Any CPU = Release|Any CPU
	EndGlobalSection
	GlobalSection(ProjectConfigurationPlatforms) = postSolution
		{20F1F47A-2842-44BE-944C-FCB9286A27FB}.Debug|Any CPU.ActiveCfg = Debug|Any CPU
		{20F1F47A-2842-44BE-944C-FCB9286A27FB}.Debug|Any CPU.Build.0 = Debug|Any CPU
		{20F1F47A-2842-44BE-944C-FCB9286A27FB}.Release|Any CPU.ActiveCfg = Release|Any CPU
		{20F1F47A-2842-44BE-944C-FCB9286A27FB}.Release|Any CPU.Build.0 = Release|Any CPU
		{4E8E3227-73B3-4D7D-8BA9-A534A823B129}.Debug|Any CPU.ActiveCfg = Debug|Any CPU
		{4E8E3227-73B3-4D7D-8BA9-A534A823B129}.Debug|Any CPU.Build.0 = Debug|Any CPU
		{4E8E3227-73B3-4D7D-8BA9-A534A823B129}.Release|Any CPU.ActiveCfg = Release|Any CPU
		{4E8E3227-73B3-4D7D-8BA9-A534A823B129}.Release|Any CPU.Build.0 = Release|Any CPU
		{B61B028D-1703-401E-8BC9-8FA0AF30F466}.Debug|Any CPU.ActiveCfg = Debug|Any CPU
		{B61B028D-1703-401E-8BC9-8FA0AF30F466}.Debug|Any CPU.Build.0 = Debug|Any CPU
		{B61B028D-1703-401E-8BC9-8FA0AF30F466}.Release|Any CPU.ActiveCfg = Release|Any CPU
		{B61B028D-1703-401E-8BC9-8FA0AF30F466}.Release|Any CPU.Build.0 = Release|Any CPU
		{DFA18D3C-DD98-494C-91D9-8D0FF5E53461}.Debug|Any CPU.ActiveCfg = Debug|Any CPU
		{DFA18D3C-DD98-494C-91D9-8D0FF5E53461}.Debug|Any CPU.Build.0 = Debug|Any CPU
		{DFA18D3C-DD98-494C-91D9-8D0FF5E53461}.Release|Any CPU.ActiveCfg = Release|Any CPU
		{DFA18D3C-DD98-494C-91D9-8D0FF5E53461}.Release|Any CPU.Build.0 = Release|Any CPU
		{14252F35-AE02-4405-8BA6-9E15DF5F585C}.Debug|Any CPU.ActiveCfg = Debug|Any CPU
		{14252F35-AE02-4405-8BA6-9E15DF5F585C}.Debug|Any CPU.Build.0 = Debug|Any CPU
		{14252F35-AE02-4405-8BA6-9E15DF5F585C}.Release|Any CPU.ActiveCfg = Release|Any CPU
		{14252F35-AE02-4405-8BA6-9E15DF5F585C}.Release|Any CPU.Build.0 = Release|Any CPU
		{112AE655-8138-4812-B911-3B820B82A9B4}.Debug|Any CPU.ActiveCfg = Debug|Any CPU
		{112AE655-8138-4812-B911-3B820B82A9B4}.Debug|Any CPU.Build.0 = Debug|Any CPU
		{112AE655-8138-4812-B911-3B820B82A9B4}.Release|Any CPU.ActiveCfg = Release|Any CPU
		{112AE655-8138-4812-B911-3B820B82A9B4}.Release|Any CPU.Build.0 = Release|Any CPU
	EndGlobalSection
	GlobalSection(SolutionProperties) = preSolution
		HideSolutionNode = FALSE
	EndGlobalSection
	GlobalSection(ExtensibilityGlobals) = postSolution
		SolutionGuid = {96E66482-DC93-4766-9706-9248B2B69692}
	EndGlobalSection
EndGlobal
